// !$*UTF8*$!
{
	archiveVersion = 1;
	classes = {
	};
	objectVersion = 50;
	objects = {

/* Begin PBXBuildFile section */
		C79ADBA725BEEF6F00B93D6A /* AppDelegate.swift in Sources */ = {isa = PBXBuildFile; fileRef = C79ADBA625BEEF6F00B93D6A /* AppDelegate.swift */; };
		C79ADBA925BEEF6F00B93D6A /* ViewController.swift in Sources */ = {isa = PBXBuildFile; fileRef = C79ADBA825BEEF6F00B93D6A /* ViewController.swift */; };
		C79ADBAB25BEEF7000B93D6A /* Assets.xcassets in Resources */ = {isa = PBXBuildFile; fileRef = C79ADBAA25BEEF7000B93D6A /* Assets.xcassets */; };
		C79ADBAE25BEEF7000B93D6A /* Main.storyboard in Resources */ = {isa = PBXBuildFile; fileRef = C79ADBAC25BEEF7000B93D6A /* Main.storyboard */; };
		C79ADBBA25BEEF7000B93D6A /* firstMetalAppTests.swift in Sources */ = {isa = PBXBuildFile; fileRef = C79ADBB925BEEF7000B93D6A /* firstMetalAppTests.swift */; };
		C79ADBC525BEEF7000B93D6A /* firstMetalAppUITests.swift in Sources */ = {isa = PBXBuildFile; fileRef = C79ADBC425BEEF7000B93D6A /* firstMetalAppUITests.swift */; };
		C79ADBD325BEF0A300B93D6A /* Renderer.swift in Sources */ = {isa = PBXBuildFile; fileRef = C79ADBD225BEF0A300B93D6A /* Renderer.swift */; };
		C79ADBD725BEF81B00B93D6A /* Primitive.swift in Sources */ = {isa = PBXBuildFile; fileRef = C79ADBD625BEF81B00B93D6A /* Primitive.swift */; };
		C79ADBD925BEFD2600B93D6A /* Shaders.metal in Sources */ = {isa = PBXBuildFile; fileRef = C79ADBD825BEFD2600B93D6A /* Shaders.metal */; };
/* End PBXBuildFile section */

/* Begin PBXContainerItemProxy section */
		C79ADBB625BEEF7000B93D6A /* PBXContainerItemProxy */ = {
			isa = PBXContainerItemProxy;
			containerPortal = C79ADB9B25BEEF6F00B93D6A /* Project object */;
			proxyType = 1;
			remoteGlobalIDString = C79ADBA225BEEF6F00B93D6A;
			remoteInfo = firstMetalApp;
		};
		C79ADBC125BEEF7000B93D6A /* PBXContainerItemProxy */ = {
			isa = PBXContainerItemProxy;
			containerPortal = C79ADB9B25BEEF6F00B93D6A /* Project object */;
			proxyType = 1;
			remoteGlobalIDString = C79ADBA225BEEF6F00B93D6A;
			remoteInfo = firstMetalApp;
		};
/* End PBXContainerItemProxy section */

/* Begin PBXFileReference section */
		C79ADBA325BEEF6F00B93D6A /* firstMetalApp.app */ = {isa = PBXFileReference; explicitFileType = wrapper.application; includeInIndex = 0; path = firstMetalApp.app; sourceTree = BUILT_PRODUCTS_DIR; };
		C79ADBA625BEEF6F00B93D6A /* AppDelegate.swift */ = {isa = PBXFileReference; lastKnownFileType = sourcecode.swift; path = AppDelegate.swift; sourceTree = "<group>"; };
		C79ADBA825BEEF6F00B93D6A /* ViewController.swift */ = {isa = PBXFileReference; lastKnownFileType = sourcecode.swift; path = ViewController.swift; sourceTree = "<group>"; };
		C79ADBAA25BEEF7000B93D6A /* Assets.xcassets */ = {isa = PBXFileReference; lastKnownFileType = folder.assetcatalog; path = Assets.xcassets; sourceTree = "<group>"; };
		C79ADBAD25BEEF7000B93D6A /* Base */ = {isa = PBXFileReference; lastKnownFileType = file.storyboard; name = Base; path = Base.lproj/Main.storyboard; sourceTree = "<group>"; };
		C79ADBAF25BEEF7000B93D6A /* Info.plist */ = {isa = PBXFileReference; lastKnownFileType = text.plist.xml; path = Info.plist; sourceTree = "<group>"; };
		C79ADBB025BEEF7000B93D6A /* firstMetalApp.entitlements */ = {isa = PBXFileReference; lastKnownFileType = text.plist.entitlements; path = firstMetalApp.entitlements; sourceTree = "<group>"; };
		C79ADBB525BEEF7000B93D6A /* firstMetalAppTests.xctest */ = {isa = PBXFileReference; explicitFileType = wrapper.cfbundle; includeInIndex = 0; path = firstMetalAppTests.xctest; sourceTree = BUILT_PRODUCTS_DIR; };
		C79ADBB925BEEF7000B93D6A /* firstMetalAppTests.swift */ = {isa = PBXFileReference; lastKnownFileType = sourcecode.swift; path = firstMetalAppTests.swift; sourceTree = "<group>"; };
		C79ADBBB25BEEF7000B93D6A /* Info.plist */ = {isa = PBXFileReference; lastKnownFileType = text.plist.xml; path = Info.plist; sourceTree = "<group>"; };
		C79ADBC025BEEF7000B93D6A /* firstMetalAppUITests.xctest */ = {isa = PBXFileReference; explicitFileType = wrapper.cfbundle; includeInIndex = 0; path = firstMetalAppUITests.xctest; sourceTree = BUILT_PRODUCTS_DIR; };
		C79ADBC425BEEF7000B93D6A /* firstMetalAppUITests.swift */ = {isa = PBXFileReference; lastKnownFileType = sourcecode.swift; path = firstMetalAppUITests.swift; sourceTree = "<group>"; };
		C79ADBC625BEEF7000B93D6A /* Info.plist */ = {isa = PBXFileReference; lastKnownFileType = text.plist.xml; path = Info.plist; sourceTree = "<group>"; };
		C79ADBD225BEF0A300B93D6A /* Renderer.swift */ = {isa = PBXFileReference; lastKnownFileType = sourcecode.swift; path = Renderer.swift; sourceTree = "<group>"; };
		C79ADBD625BEF81B00B93D6A /* Primitive.swift */ = {isa = PBXFileReference; lastKnownFileType = sourcecode.swift; path = Primitive.swift; sourceTree = "<group>"; };
		C79ADBD825BEFD2600B93D6A /* Shaders.metal */ = {isa = PBXFileReference; lastKnownFileType = sourcecode.metal; path = Shaders.metal; sourceTree = "<group>"; };
/* End PBXFileReference section */

/* Begin PBXFrameworksBuildPhase section */
		C79ADBA025BEEF6F00B93D6A /* Frameworks */ = {
			isa = PBXFrameworksBuildPhase;
			buildActionMask = 2147483647;
			files = (
			);
			runOnlyForDeploymentPostprocessing = 0;
		};
		C79ADBB225BEEF7000B93D6A /* Frameworks */ = {
			isa = PBXFrameworksBuildPhase;
			buildActionMask = 2147483647;
			files = (
			);
			runOnlyForDeploymentPostprocessing = 0;
		};
		C79ADBBD25BEEF7000B93D6A /* Frameworks */ = {
			isa = PBXFrameworksBuildPhase;
			buildActionMask = 2147483647;
			files = (
			);
			runOnlyForDeploymentPostprocessing = 0;
		};
/* End PBXFrameworksBuildPhase section */

/* Begin PBXGroup section */
		C79ADB9A25BEEF6F00B93D6A = {
			isa = PBXGroup;
			children = (
				C79ADBA525BEEF6F00B93D6A /* firstMetalApp */,
				C79ADBB825BEEF7000B93D6A /* firstMetalAppTests */,
				C79ADBC325BEEF7000B93D6A /* firstMetalAppUITests */,
				C79ADBA425BEEF6F00B93D6A /* Products */,
			);
			sourceTree = "<group>";
		};
		C79ADBA425BEEF6F00B93D6A /* Products */ = {
			isa = PBXGroup;
			children = (
				C79ADBA325BEEF6F00B93D6A /* firstMetalApp.app */,
				C79ADBB525BEEF7000B93D6A /* firstMetalAppTests.xctest */,
				C79ADBC025BEEF7000B93D6A /* firstMetalAppUITests.xctest */,
			);
			name = Products;
			sourceTree = "<group>";
		};
		C79ADBA525BEEF6F00B93D6A /* firstMetalApp */ = {
			isa = PBXGroup;
			children = (
				C79ADBA625BEEF6F00B93D6A /* AppDelegate.swift */,
				C79ADBA825BEEF6F00B93D6A /* ViewController.swift */,
				C79ADBD225BEF0A300B93D6A /* Renderer.swift */,
				C79ADBAA25BEEF7000B93D6A /* Assets.xcassets */,
				C79ADBAC25BEEF7000B93D6A /* Main.storyboard */,
				C79ADBAF25BEEF7000B93D6A /* Info.plist */,
				C79ADBB025BEEF7000B93D6A /* firstMetalApp.entitlements */,
				C79ADBD625BEF81B00B93D6A /* Primitive.swift */,
				C79ADBD825BEFD2600B93D6A /* Shaders.metal */,
			);
			path = firstMetalApp;
			sourceTree = "<group>";
		};
		C79ADBB825BEEF7000B93D6A /* firstMetalAppTests */ = {
			isa = PBXGroup;
			children = (
				C79ADBB925BEEF7000B93D6A /* firstMetalAppTests.swift */,
				C79ADBBB25BEEF7000B93D6A /* Info.plist */,
			);
			path = firstMetalAppTests;
			sourceTree = "<group>";
		};
		C79ADBC325BEEF7000B93D6A /* firstMetalAppUITests */ = {
			isa = PBXGroup;
			children = (
				C79ADBC425BEEF7000B93D6A /* firstMetalAppUITests.swift */,
				C79ADBC625BEEF7000B93D6A /* Info.plist */,
			);
			path = firstMetalAppUITests;
			sourceTree = "<group>";
		};
/* End PBXGroup section */

/* Begin PBXNativeTarget section */
		C79ADBA225BEEF6F00B93D6A /* firstMetalApp */ = {
			isa = PBXNativeTarget;
			buildConfigurationList = C79ADBC925BEEF7000B93D6A /* Build configuration list for PBXNativeTarget "firstMetalApp" */;
			buildPhases = (
				C79ADB9F25BEEF6F00B93D6A /* Sources */,
				C79ADBA025BEEF6F00B93D6A /* Frameworks */,
				C79ADBA125BEEF6F00B93D6A /* Resources */,
			);
			buildRules = (
			);
			dependencies = (
			);
			name = firstMetalApp;
			productName = firstMetalApp;
			productReference = C79ADBA325BEEF6F00B93D6A /* firstMetalApp.app */;
			productType = "com.apple.product-type.application";
		};
		C79ADBB425BEEF7000B93D6A /* firstMetalAppTests */ = {
			isa = PBXNativeTarget;
			buildConfigurationList = C79ADBCC25BEEF7000B93D6A /* Build configuration list for PBXNativeTarget "firstMetalAppTests" */;
			buildPhases = (
				C79ADBB125BEEF7000B93D6A /* Sources */,
				C79ADBB225BEEF7000B93D6A /* Frameworks */,
				C79ADBB325BEEF7000B93D6A /* Resources */,
			);
			buildRules = (
			);
			dependencies = (
				C79ADBB725BEEF7000B93D6A /* PBXTargetDependency */,
			);
			name = firstMetalAppTests;
			productName = firstMetalAppTests;
			productReference = C79ADBB525BEEF7000B93D6A /* firstMetalAppTests.xctest */;
			productType = "com.apple.product-type.bundle.unit-test";
		};
		C79ADBBF25BEEF7000B93D6A /* firstMetalAppUITests */ = {
			isa = PBXNativeTarget;
			buildConfigurationList = C79ADBCF25BEEF7000B93D6A /* Build configuration list for PBXNativeTarget "firstMetalAppUITests" */;
			buildPhases = (
				C79ADBBC25BEEF7000B93D6A /* Sources */,
				C79ADBBD25BEEF7000B93D6A /* Frameworks */,
				C79ADBBE25BEEF7000B93D6A /* Resources */,
			);
			buildRules = (
			);
			dependencies = (
				C79ADBC225BEEF7000B93D6A /* PBXTargetDependency */,
			);
			name = firstMetalAppUITests;
			productName = firstMetalAppUITests;
			productReference = C79ADBC025BEEF7000B93D6A /* firstMetalAppUITests.xctest */;
			productType = "com.apple.product-type.bundle.ui-testing";
		};
/* End PBXNativeTarget section */

/* Begin PBXProject section */
		C79ADB9B25BEEF6F00B93D6A /* Project object */ = {
			isa = PBXProject;
			attributes = {
				LastSwiftUpdateCheck = 1130;
				LastUpgradeCheck = 1130;
				ORGANIZATIONNAME = Dima;
				TargetAttributes = {
					C79ADBA225BEEF6F00B93D6A = {
						CreatedOnToolsVersion = 11.3.1;
					};
					C79ADBB425BEEF7000B93D6A = {
						CreatedOnToolsVersion = 11.3.1;
						TestTargetID = C79ADBA225BEEF6F00B93D6A;
					};
					C79ADBBF25BEEF7000B93D6A = {
						CreatedOnToolsVersion = 11.3.1;
						TestTargetID = C79ADBA225BEEF6F00B93D6A;
					};
				};
			};
			buildConfigurationList = C79ADB9E25BEEF6F00B93D6A /* Build configuration list for PBXProject "firstMetalApp" */;
			compatibilityVersion = "Xcode 9.3";
			developmentRegion = en;
			hasScannedForEncodings = 0;
			knownRegions = (
				en,
				Base,
			);
			mainGroup = C79ADB9A25BEEF6F00B93D6A;
			productRefGroup = C79ADBA425BEEF6F00B93D6A /* Products */;
			projectDirPath = "";
			projectRoot = "";
			targets = (
				C79ADBA225BEEF6F00B93D6A /* firstMetalApp */,
				C79ADBB425BEEF7000B93D6A /* firstMetalAppTests */,
				C79ADBBF25BEEF7000B93D6A /* firstMetalAppUITests */,
			);
		};
/* End PBXProject section */

/* Begin PBXResourcesBuildPhase section */
		C79ADBA125BEEF6F00B93D6A /* Resources */ = {
			isa = PBXResourcesBuildPhase;
			buildActionMask = 2147483647;
			files = (
				C79ADBAB25BEEF7000B93D6A /* Assets.xcassets in Resources */,
				C79ADBAE25BEEF7000B93D6A /* Main.storyboard in Resources */,
			);
			runOnlyForDeploymentPostprocessing = 0;
		};
		C79ADBB325BEEF7000B93D6A /* Resources */ = {
			isa = PBXResourcesBuildPhase;
			buildActionMask = 2147483647;
			files = (
			);
			runOnlyForDeploymentPostprocessing = 0;
		};
		C79ADBBE25BEEF7000B93D6A /* Resources */ = {
			isa = PBXResourcesBuildPhase;
			buildActionMask = 2147483647;
			files = (
			);
			runOnlyForDeploymentPostprocessing = 0;
		};
/* End PBXResourcesBuildPhase section */

/* Begin PBXSourcesBuildPhase section */
		C79ADB9F25BEEF6F00B93D6A /* Sources */ = {
			isa = PBXSourcesBuildPhase;
			buildActionMask = 2147483647;
			files = (
				C79ADBA925BEEF6F00B93D6A /* ViewController.swift in Sources */,
				C79ADBD325BEF0A300B93D6A /* Renderer.swift in Sources */,
				C79ADBA725BEEF6F00B93D6A /* AppDelegate.swift in Sources */,
				C79ADBD725BEF81B00B93D6A /* Primitive.swift in Sources */,
				C79ADBD925BEFD2600B93D6A /* Shaders.metal in Sources */,
			);
			runOnlyForDeploymentPostprocessing = 0;
		};
		C79ADBB125BEEF7000B93D6A /* Sources */ = {
			isa = PBXSourcesBuildPhase;
			buildActionMask = 2147483647;
			files = (
				C79ADBBA25BEEF7000B93D6A /* firstMetalAppTests.swift in Sources */,
			);
			runOnlyForDeploymentPostprocessing = 0;
		};
		C79ADBBC25BEEF7000B93D6A /* Sources */ = {
			isa = PBXSourcesBuildPhase;
			buildActionMask = 2147483647;
			files = (
				C79ADBC525BEEF7000B93D6A /* firstMetalAppUITests.swift in Sources */,
			);
			runOnlyForDeploymentPostprocessing = 0;
		};
/* End PBXSourcesBuildPhase section */

/* Begin PBXTargetDependency section */
		C79ADBB725BEEF7000B93D6A /* PBXTargetDependency */ = {
			isa = PBXTargetDependency;
			target = C79ADBA225BEEF6F00B93D6A /* firstMetalApp */;
			targetProxy = C79ADBB625BEEF7000B93D6A /* PBXContainerItemProxy */;
		};
		C79ADBC225BEEF7000B93D6A /* PBXTargetDependency */ = {
			isa = PBXTargetDependency;
			target = C79ADBA225BEEF6F00B93D6A /* firstMetalApp */;
			targetProxy = C79ADBC125BEEF7000B93D6A /* PBXContainerItemProxy */;
		};
/* End PBXTargetDependency section */

/* Begin PBXVariantGroup section */
		C79ADBAC25BEEF7000B93D6A /* Main.storyboard */ = {
			isa = PBXVariantGroup;
			children = (
				C79ADBAD25BEEF7000B93D6A /* Base */,
			);
			name = Main.storyboard;
			sourceTree = "<group>";
		};
/* End PBXVariantGroup section */

/* Begin XCBuildConfiguration section */
		C79ADBC725BEEF7000B93D6A /* Debug */ = {
			isa = XCBuildConfiguration;
			buildSettings = {
				ALWAYS_SEARCH_USER_PATHS = NO;
				CLANG_ANALYZER_NONNULL = YES;
				CLANG_ANALYZER_NUMBER_OBJECT_CONVERSION = YES_AGGRESSIVE;
				CLANG_CXX_LANGUAGE_STANDARD = "gnu++14";
				CLANG_CXX_LIBRARY = "libc++";
				CLANG_ENABLE_MODULES = YES;
				CLANG_ENABLE_OBJC_ARC = YES;
				CLANG_ENABLE_OBJC_WEAK = YES;
				CLANG_WARN_BLOCK_CAPTURE_AUTORELEASING = YES;
				CLANG_WARN_BOOL_CONVERSION = YES;
				CLANG_WARN_COMMA = YES;
				CLANG_WARN_CONSTANT_CONVERSION = YES;
				CLANG_WARN_DEPRECATED_OBJC_IMPLEMENTATIONS = YES;
				CLANG_WARN_DIRECT_OBJC_ISA_USAGE = YES_ERROR;
				CLANG_WARN_DOCUMENTATION_COMMENTS = YES;
				CLANG_WARN_EMPTY_BODY = YES;
				CLANG_WARN_ENUM_CONVERSION = YES;
				CLANG_WARN_INFINITE_RECURSION = YES;
				CLANG_WARN_INT_CONVERSION = YES;
				CLANG_WARN_NON_LITERAL_NULL_CONVERSION = YES;
				CLANG_WARN_OBJC_IMPLICIT_RETAIN_SELF = YES;
				CLANG_WARN_OBJC_LITERAL_CONVERSION = YES;
				CLANG_WARN_OBJC_ROOT_CLASS = YES_ERROR;
				CLANG_WARN_RANGE_LOOP_ANALYSIS = YES;
				CLANG_WARN_STRICT_PROTOTYPES = YES;
				CLANG_WARN_SUSPICIOUS_MOVE = YES;
				CLANG_WARN_UNGUARDED_AVAILABILITY = YES_AGGRESSIVE;
				CLANG_WARN_UNREACHABLE_CODE = YES;
				CLANG_WARN__DUPLICATE_METHOD_MATCH = YES;
				COPY_PHASE_STRIP = NO;
				DEBUG_INFORMATION_FORMAT = dwarf;
				ENABLE_STRICT_OBJC_MSGSEND = YES;
				ENABLE_TESTABILITY = YES;
				GCC_C_LANGUAGE_STANDARD = gnu11;
				GCC_DYNAMIC_NO_PIC = NO;
				GCC_NO_COMMON_BLOCKS = YES;
				GCC_OPTIMIZATION_LEVEL = 0;
				GCC_PREPROCESSOR_DEFINITIONS = (
					"DEBUG=1",
					"$(inherited)",
				);
				GCC_WARN_64_TO_32_BIT_CONVERSION = YES;
				GCC_WARN_ABOUT_RETURN_TYPE = YES_ERROR;
				GCC_WARN_UNDECLARED_SELECTOR = YES;
				GCC_WARN_UNINITIALIZED_AUTOS = YES_AGGRESSIVE;
				GCC_WARN_UNUSED_FUNCTION = YES;
				GCC_WARN_UNUSED_VARIABLE = YES;
				MACOSX_DEPLOYMENT_TARGET = 10.14;
				MTL_ENABLE_DEBUG_INFO = INCLUDE_SOURCE;
				MTL_FAST_MATH = YES;
				ONLY_ACTIVE_ARCH = YES;
				SDKROOT = macosx;
				SWIFT_ACTIVE_COMPILATION_CONDITIONS = DEBUG;
				SWIFT_OPTIMIZATION_LEVEL = "-Onone";
			};
			name = Debug;
		};
		C79ADBC825BEEF7000B93D6A /* Release */ = {
			isa = XCBuildConfiguration;
			buildSettings = {
				ALWAYS_SEARCH_USER_PATHS = NO;
				CLANG_ANALYZER_NONNULL = YES;
				CLANG_ANALYZER_NUMBER_OBJECT_CONVERSION = YES_AGGRESSIVE;
				CLANG_CXX_LANGUAGE_STANDARD = "gnu++14";
				CLANG_CXX_LIBRARY = "libc++";
				CLANG_ENABLE_MODULES = YES;
				CLANG_ENABLE_OBJC_ARC = YES;
				CLANG_ENABLE_OBJC_WEAK = YES;
				CLANG_WARN_BLOCK_CAPTURE_AUTORELEASING = YES;
				CLANG_WARN_BOOL_CONVERSION = YES;
				CLANG_WARN_COMMA = YES;
				CLANG_WARN_CONSTANT_CONVERSION = YES;
				CLANG_WARN_DEPRECATED_OBJC_IMPLEMENTATIONS = YES;
				CLANG_WARN_DIRECT_OBJC_ISA_USAGE = YES_ERROR;
				CLANG_WARN_DOCUMENTATION_COMMENTS = YES;
				CLANG_WARN_EMPTY_BODY = YES;
				CLANG_WARN_ENUM_CONVERSION = YES;
				CLANG_WARN_INFINITE_RECURSION = YES;
				CLANG_WARN_INT_CONVERSION = YES;
				CLANG_WARN_NON_LITERAL_NULL_CONVERSION = YES;
				CLANG_WARN_OBJC_IMPLICIT_RETAIN_SELF = YES;
				CLANG_WARN_OBJC_LITERAL_CONVERSION = YES;
				CLANG_WARN_OBJC_ROOT_CLASS = YES_ERROR;
				CLANG_WARN_RANGE_LOOP_ANALYSIS = YES;
				CLANG_WARN_STRICT_PROTOTYPES = YES;
				CLANG_WARN_SUSPICIOUS_MOVE = YES;
				CLANG_WARN_UNGUARDED_AVAILABILITY = YES_AGGRESSIVE;
				CLANG_WARN_UNREACHABLE_CODE = YES;
				CLANG_WARN__DUPLICATE_METHOD_MATCH = YES;
				COPY_PHASE_STRIP = NO;
				DEBUG_INFORMATION_FORMAT = "dwarf-with-dsym";
				ENABLE_NS_ASSERTIONS = NO;
				ENABLE_STRICT_OBJC_MSGSEND = YES;
				GCC_C_LANGUAGE_STANDARD = gnu11;
				GCC_NO_COMMON_BLOCKS = YES;
				GCC_WARN_64_TO_32_BIT_CONVERSION = YES;
				GCC_WARN_ABOUT_RETURN_TYPE = YES_ERROR;
				GCC_WARN_UNDECLARED_SELECTOR = YES;
				GCC_WARN_UNINITIALIZED_AUTOS = YES_AGGRESSIVE;
				GCC_WARN_UNUSED_FUNCTION = YES;
				GCC_WARN_UNUSED_VARIABLE = YES;
				MACOSX_DEPLOYMENT_TARGET = 10.14;
				MTL_ENABLE_DEBUG_INFO = NO;
				MTL_FAST_MATH = YES;
				SDKROOT = macosx;
				SWIFT_COMPILATION_MODE = wholemodule;
				SWIFT_OPTIMIZATION_LEVEL = "-O";
			};
			name = Release;
		};
		C79ADBCA25BEEF7000B93D6A /* Debug */ = {
			isa = XCBuildConfiguration;
			buildSettings = {
				ASSETCATALOG_COMPILER_APPICON_NAME = AppIcon;
				CODE_SIGN_ENTITLEMENTS = firstMetalApp/firstMetalApp.entitlements;
				CODE_SIGN_STYLE = Automatic;
				COMBINE_HIDPI_IMAGES = YES;
				DEVELOPMENT_TEAM = 29V7M66778;
				ENABLE_HARDENED_RUNTIME = YES;
				INFOPLIST_FILE = firstMetalApp/Info.plist;
				LD_RUNPATH_SEARCH_PATHS = (
					"$(inherited)",
					"@executable_path/../Frameworks",
				);
				PRODUCT_BUNDLE_IDENTIFIER = Tabakerov.firstMetalApp;
				PRODUCT_NAME = "$(TARGET_NAME)";
				SWIFT_VERSION = 5.0;
			};
			name = Debug;
		};
		C79ADBCB25BEEF7000B93D6A /* Release */ = {
			isa = XCBuildConfiguration;
			buildSettings = {
				ASSETCATALOG_COMPILER_APPICON_NAME = AppIcon;
				CODE_SIGN_ENTITLEMENTS = firstMetalApp/firstMetalApp.entitlements;
				CODE_SIGN_STYLE = Automatic;
				COMBINE_HIDPI_IMAGES = YES;
				DEVELOPMENT_TEAM = 29V7M66778;
				ENABLE_HARDENED_RUNTIME = YES;
				INFOPLIST_FILE = firstMetalApp/Info.plist;
				LD_RUNPATH_SEARCH_PATHS = (
					"$(inherited)",
					"@executable_path/../Frameworks",
				);
				PRODUCT_BUNDLE_IDENTIFIER = Tabakerov.firstMetalApp;
				PRODUCT_NAME = "$(TARGET_NAME)";
				SWIFT_VERSION = 5.0;
			};
			name = Release;
		};
		C79ADBCD25BEEF7000B93D6A /* Debug */ = {
			isa = XCBuildConfiguration;
			buildSettings = {
				ALWAYS_EMBED_SWIFT_STANDARD_LIBRARIES = YES;
				BUNDLE_LOADER = "$(TEST_HOST)";
				CODE_SIGN_STYLE = Automatic;
				COMBINE_HIDPI_IMAGES = YES;
				DEVELOPMENT_TEAM = 29V7M66778;
				INFOPLIST_FILE = firstMetalAppTests/Info.plist;
				LD_RUNPATH_SEARCH_PATHS = (
					"$(inherited)",
					"@executable_path/../Frameworks",
					"@loader_path/../Frameworks",
				);
				MACOSX_DEPLOYMENT_TARGET = 10.14;
				PRODUCT_BUNDLE_IDENTIFIER = Tabakerov.firstMetalAppTests;
				PRODUCT_NAME = "$(TARGET_NAME)";
				SWIFT_VERSION = 5.0;
				TEST_HOST = "$(BUILT_PRODUCTS_DIR)/firstMetalApp.app/Contents/MacOS/firstMetalApp";
			};
			name = Debug;
		};
		C79ADBCE25BEEF7000B93D6A /* Release */ = {
			isa = XCBuildConfiguration;
			buildSettings = {
				ALWAYS_EMBED_SWIFT_STANDARD_LIBRARIES = YES;
				BUNDLE_LOADER = "$(TEST_HOST)";
				CODE_SIGN_STYLE = Automatic;
				COMBINE_HIDPI_IMAGES = YES;
				DEVELOPMENT_TEAM = 29V7M66778;
				INFOPLIST_FILE = firstMetalAppTests/Info.plist;
				LD_RUNPATH_SEARCH_PATHS = (
					"$(inherited)",
					"@executable_path/../Frameworks",
					"@loader_path/../Frameworks",
				);
				MACOSX_DEPLOYMENT_TARGET = 10.14;
				PRODUCT_BUNDLE_IDENTIFIER = Tabakerov.firstMetalAppTests;
				PRODUCT_NAME = "$(TARGET_NAME)";
				SWIFT_VERSION = 5.0;
				TEST_HOST = "$(BUILT_PRODUCTS_DIR)/firstMetalApp.app/Contents/MacOS/firstMetalApp";
			};
			name = Release;
		};
		C79ADBD025BEEF7000B93D6A /* Debug */ = {
			isa = XCBuildConfiguration;
			buildSettings = {
				ALWAYS_EMBED_SWIFT_STANDARD_LIBRARIES = YES;
				CODE_SIGN_STYLE = Automatic;
				COMBINE_HIDPI_IMAGES = YES;
				DEVELOPMENT_TEAM = 29V7M66778;
				INFOPLIST_FILE = firstMetalAppUITests/Info.plist;
				LD_RUNPATH_SEARCH_PATHS = (
					"$(inherited)",
					"@executable_path/../Frameworks",
					"@loader_path/../Frameworks",
				);
				PRODUCT_BUNDLE_IDENTIFIER = Tabakerov.firstMetalAppUITests;
				PRODUCT_NAME = "$(TARGET_NAME)";
				SWIFT_VERSION = 5.0;
				TEST_TARGET_NAME = firstMetalApp;
			};
			name = Debug;
		};
		C79ADBD125BEEF7000B93D6A /* Release */ = {
			isa = XCBuildConfiguration;
			buildSettings = {
				ALWAYS_EMBED_SWIFT_STANDARD_LIBRARIES = YES;
				CODE_SIGN_STYLE = Automatic;
				COMBINE_HIDPI_IMAGES = YES;
				DEVELOPMENT_TEAM = 29V7M66778;
				INFOPLIST_FILE = firstMetalAppUITests/Info.plist;
				LD_RUNPATH_SEARCH_PATHS = (
					"$(inherited)",
					"@executable_path/../Frameworks",
					"@loader_path/../Frameworks",
				);
				PRODUCT_BUNDLE_IDENTIFIER = Tabakerov.firstMetalAppUITests;
				PRODUCT_NAME = "$(TARGET_NAME)";
				SWIFT_VERSION = 5.0;
				TEST_TARGET_NAME = firstMetalApp;
			};
			name = Release;
		};
/* End XCBuildConfiguration section */

/* Begin XCConfigurationList section */
		C79ADB9E25BEEF6F00B93D6A /* Build configuration list for PBXProject "firstMetalApp" */ = {
			isa = XCConfigurationList;
			buildConfigurations = (
				C79ADBC725BEEF7000B93D6A /* Debug */,
				C79ADBC825BEEF7000B93D6A /* Release */,
			);
			defaultConfigurationIsVisible = 0;
			defaultConfigurationName = Release;
		};
		C79ADBC925BEEF7000B93D6A /* Build configuration list for PBXNativeTarget "firstMetalApp" */ = {
			isa = XCConfigurationList;
			buildConfigurations = (
				C79ADBCA25BEEF7000B93D6A /* Debug */,
				C79ADBCB25BEEF7000B93D6A /* Release */,
			);
			defaultConfigurationIsVisible = 0;
			defaultConfigurationName = Release;
		};
		C79ADBCC25BEEF7000B93D6A /* Build configuration list for PBXNativeTarget "firstMetalAppTests" */ = {
			isa = XCConfigurationList;
			buildConfigurations = (
				C79ADBCD25BEEF7000B93D6A /* Debug */,
				C79ADBCE25BEEF7000B93D6A /* Release */,
			);
			defaultConfigurationIsVisible = 0;
			defaultConfigurationName = Release;
		};
		C79ADBCF25BEEF7000B93D6A /* Build configuration list for PBXNativeTarget "firstMetalAppUITests" */ = {
			isa = XCConfigurationList;
			buildConfigurations = (
				C79ADBD025BEEF7000B93D6A /* Debug */,
				C79ADBD125BEEF7000B93D6A /* Release */,
			);
			defaultConfigurationIsVisible = 0;
			defaultConfigurationName = Release;
		};
/* End XCConfigurationList section */
	};
	rootObject = C79ADB9B25BEEF6F00B93D6A /* Project object */;
}
